
Microsoft Visual Studio Solution File, Format Version 12.00
# Visual Studio 15
VisualStudioVersion = 15.0.28010.2048
MinimumVisualStudioVersion = 10.0.40219.1
Project("{FAE04EC0-301F-11D3-BF4B-00C04F79EFBC}") = "FirmaKayit", "FirmaKayit\FirmaKayit.csproj", "{4D17A023-22E7-4534-AF27-6DD5BCFE0069}"
EndProject
Global
	GlobalSection(SolutionConfigurationPlatforms) = preSolution
		Debug|Any CPU = Debug|Any CPU
		Release|Any CPU = Release|Any CPU
	EndGlobalSection
	GlobalSection(ProjectConfigurationPlatforms) = postSolution
		{4D17A023-22E7-4534-AF27-6DD5BCFE0069}.Debug|Any CPU.ActiveCfg = Debug|Any CPU
		{4D17A023-22E7-4534-AF27-6DD5BCFE0069}.Debug|Any CPU.Build.0 = Debug|Any CPU
		{4D17A023-22E7-4534-AF27-6DD5BCFE0069}.Release|Any CPU.ActiveCfg = Release|Any CPU
		{4D17A023-22E7-4534-AF27-6DD5BCFE0069}.Release|Any CPU.Build.0 = Release|Any CPU
	EndGlobalSection
	GlobalSection(SolutionProperties) = preSolution
		HideSolutionNode = FALSE
	EndGlobalSection
	GlobalSection(ExtensibilityGlobals) = postSolution
		SolutionGuid = {6C900947-5FB2-4410-84F6-915B47616129}
	EndGlobalSection
EndGlobal
